
Microsoft Visual Studio Solution File, Format Version 12.00
# Visual Studio Version 17
VisualStudioVersion = 17.11.35327.3
MinimumVisualStudioVersion = 10.0.40219.1
Project("{FAE04EC0-301F-11D3-BF4B-00C04F79EFBC}") = "WebsiteBanHang", "WebsiteBanHang\WebsiteBanHang.csproj", "{98E16AF7-E02D-4D8B-9978-82D8B28EE34A}"
EndProject
Global
	GlobalSection(SolutionConfigurationPlatforms) = preSolution
		Debug|Any CPU = Debug|Any CPU
		Release|Any CPU = Release|Any CPU
	EndGlobalSection
	GlobalSection(ProjectConfigurationPlatforms) = postSolution
		{98E16AF7-E02D-4D8B-9978-82D8B28EE34A}.Debug|Any CPU.ActiveCfg = Debug|Any CPU
		{98E16AF7-E02D-4D8B-9978-82D8B28EE34A}.Debug|Any CPU.Build.0 = Debug|Any CPU
		{98E16AF7-E02D-4D8B-9978-82D8B28EE34A}.Release|Any CPU.ActiveCfg = Release|Any CPU
		{98E16AF7-E02D-4D8B-9978-82D8B28EE34A}.Release|Any CPU.Build.0 = Release|Any CPU
	EndGlobalSection
	GlobalSection(SolutionProperties) = preSolution
		HideSolutionNode = FALSE
	EndGlobalSection
	GlobalSection(ExtensibilityGlobals) = postSolution
		SolutionGuid = {6D49D775-682E-4B0C-9E3D-D30CBC7C4618}
	EndGlobalSection
EndGlobal
